// !$*UTF8*$!
{
	archiveVersion = 1;
	classes = {
	};
	objectVersion = 50;
	objects = {

/* Begin PBXBuildFile section */
		2F4BE731254724FC004D55BD /* AppDelegate.swift in Sources */ = {isa = PBXBuildFile; fileRef = 2F4BE730254724FC004D55BD /* AppDelegate.swift */; };
		2F4BE733254724FC004D55BD /* SceneDelegate.swift in Sources */ = {isa = PBXBuildFile; fileRef = 2F4BE732254724FC004D55BD /* SceneDelegate.swift */; };
		2F4BE735254724FC004D55BD /* ViewController.swift in Sources */ = {isa = PBXBuildFile; fileRef = 2F4BE734254724FC004D55BD /* ViewController.swift */; };
		2F4BE738254724FC004D55BD /* Main.storyboard in Resources */ = {isa = PBXBuildFile; fileRef = 2F4BE736254724FC004D55BD /* Main.storyboard */; };
		2F4BE73A25472504004D55BD /* Assets.xcassets in Resources */ = {isa = PBXBuildFile; fileRef = 2F4BE73925472504004D55BD /* Assets.xcassets */; };
		2F4BE73D25472504004D55BD /* LaunchScreen.storyboard in Resources */ = {isa = PBXBuildFile; fileRef = 2F4BE73B25472504004D55BD /* LaunchScreen.storyboard */; };
		2F4BE74825472504004D55BD /* MoviesTests.swift in Sources */ = {isa = PBXBuildFile; fileRef = 2F4BE74725472504004D55BD /* MoviesTests.swift */; };
		2F4BE75325472504004D55BD /* MoviesUITests.swift in Sources */ = {isa = PBXBuildFile; fileRef = 2F4BE75225472504004D55BD /* MoviesUITests.swift */; };
/* End PBXBuildFile section */

/* Begin PBXContainerItemProxy section */
		2F4BE74425472504004D55BD /* PBXContainerItemProxy */ = {
			isa = PBXContainerItemProxy;
			containerPortal = 2F4BE725254724FC004D55BD /* Project object */;
			proxyType = 1;
			remoteGlobalIDString = 2F4BE72C254724FC004D55BD;
			remoteInfo = Movies;
		};
		2F4BE74F25472504004D55BD /* PBXContainerItemProxy */ = {
			isa = PBXContainerItemProxy;
			containerPortal = 2F4BE725254724FC004D55BD /* Project object */;
			proxyType = 1;
			remoteGlobalIDString = 2F4BE72C254724FC004D55BD;
			remoteInfo = Movies;
		};
/* End PBXContainerItemProxy section */

/* Begin PBXFileReference section */
		2F4BE72D254724FC004D55BD /* Movies.app */ = {isa = PBXFileReference; explicitFileType = wrapper.application; includeInIndex = 0; path = Movies.app; sourceTree = BUILT_PRODUCTS_DIR; };
		2F4BE730254724FC004D55BD /* AppDelegate.swift */ = {isa = PBXFileReference; lastKnownFileType = sourcecode.swift; path = AppDelegate.swift; sourceTree = "<group>"; };
		2F4BE732254724FC004D55BD /* SceneDelegate.swift */ = {isa = PBXFileReference; lastKnownFileType = sourcecode.swift; path = SceneDelegate.swift; sourceTree = "<group>"; };
		2F4BE734254724FC004D55BD /* ViewController.swift */ = {isa = PBXFileReference; lastKnownFileType = sourcecode.swift; path = ViewController.swift; sourceTree = "<group>"; };
		2F4BE737254724FC004D55BD /* Base */ = {isa = PBXFileReference; lastKnownFileType = file.storyboard; name = Base; path = Base.lproj/Main.storyboard; sourceTree = "<group>"; };
		2F4BE73925472504004D55BD /* Assets.xcassets */ = {isa = PBXFileReference; lastKnownFileType = folder.assetcatalog; path = Assets.xcassets; sourceTree = "<group>"; };
		2F4BE73C25472504004D55BD /* Base */ = {isa = PBXFileReference; lastKnownFileType = file.storyboard; name = Base; path = Base.lproj/LaunchScreen.storyboard; sourceTree = "<group>"; };
		2F4BE73E25472504004D55BD /* Info.plist */ = {isa = PBXFileReference; lastKnownFileType = text.plist.xml; path = Info.plist; sourceTree = "<group>"; };
		2F4BE74325472504004D55BD /* MoviesTests.xctest */ = {isa = PBXFileReference; explicitFileType = wrapper.cfbundle; includeInIndex = 0; path = MoviesTests.xctest; sourceTree = BUILT_PRODUCTS_DIR; };
		2F4BE74725472504004D55BD /* MoviesTests.swift */ = {isa = PBXFileReference; lastKnownFileType = sourcecode.swift; path = MoviesTests.swift; sourceTree = "<group>"; };
		2F4BE74925472504004D55BD /* Info.plist */ = {isa = PBXFileReference; lastKnownFileType = text.plist.xml; path = Info.plist; sourceTree = "<group>"; };
		2F4BE74E25472504004D55BD /* MoviesUITests.xctest */ = {isa = PBXFileReference; explicitFileType = wrapper.cfbundle; includeInIndex = 0; path = MoviesUITests.xctest; sourceTree = BUILT_PRODUCTS_DIR; };
		2F4BE75225472504004D55BD /* MoviesUITests.swift */ = {isa = PBXFileReference; lastKnownFileType = sourcecode.swift; path = MoviesUITests.swift; sourceTree = "<group>"; };
		2F4BE75425472504004D55BD /* Info.plist */ = {isa = PBXFileReference; lastKnownFileType = text.plist.xml; path = Info.plist; sourceTree = "<group>"; };
/* End PBXFileReference section */

/* Begin PBXFrameworksBuildPhase section */
		2F4BE72A254724FC004D55BD /* Frameworks */ = {
			isa = PBXFrameworksBuildPhase;
			buildActionMask = 2147483647;
			files = (
			);
			runOnlyForDeploymentPostprocessing = 0;
		};
		2F4BE74025472504004D55BD /* Frameworks */ = {
			isa = PBXFrameworksBuildPhase;
			buildActionMask = 2147483647;
			files = (
			);
			runOnlyForDeploymentPostprocessing = 0;
		};
		2F4BE74B25472504004D55BD /* Frameworks */ = {
			isa = PBXFrameworksBuildPhase;
			buildActionMask = 2147483647;
			files = (
			);
			runOnlyForDeploymentPostprocessing = 0;
		};
/* End PBXFrameworksBuildPhase section */

/* Begin PBXGroup section */
		2F4BE724254724FC004D55BD = {
			isa = PBXGroup;
			children = (
				2F4BE72F254724FC004D55BD /* Movies */,
				2F4BE74625472504004D55BD /* MoviesTests */,
				2F4BE75125472504004D55BD /* MoviesUITests */,
				2F4BE72E254724FC004D55BD /* Products */,
			);
			sourceTree = "<group>";
		};
		2F4BE72E254724FC004D55BD /* Products */ = {
			isa = PBXGroup;
			children = (
				2F4BE72D254724FC004D55BD /* Movies.app */,
				2F4BE74325472504004D55BD /* MoviesTests.xctest */,
				2F4BE74E25472504004D55BD /* MoviesUITests.xctest */,
			);
			name = Products;
			sourceTree = "<group>";
		};
		2F4BE72F254724FC004D55BD /* Movies */ = {
			isa = PBXGroup;
			children = (
				2F4BE730254724FC004D55BD /* AppDelegate.swift */,
				2F4BE732254724FC004D55BD /* SceneDelegate.swift */,
				2F4BE734254724FC004D55BD /* ViewController.swift */,
				2F4BE736254724FC004D55BD /* Main.storyboard */,
				2F4BE73925472504004D55BD /* Assets.xcassets */,
				2F4BE73B25472504004D55BD /* LaunchScreen.storyboard */,
				2F4BE73E25472504004D55BD /* Info.plist */,
			);
			path = Movies;
			sourceTree = "<group>";
		};
		2F4BE74625472504004D55BD /* MoviesTests */ = {
			isa = PBXGroup;
			children = (
				2F4BE74725472504004D55BD /* MoviesTests.swift */,
				2F4BE74925472504004D55BD /* Info.plist */,
			);
			path = MoviesTests;
			sourceTree = "<group>";
		};
		2F4BE75125472504004D55BD /* MoviesUITests */ = {
			isa = PBXGroup;
			children = (
				2F4BE75225472504004D55BD /* MoviesUITests.swift */,
				2F4BE75425472504004D55BD /* Info.plist */,
			);
			path = MoviesUITests;
			sourceTree = "<group>";
		};
/* End PBXGroup section */

/* Begin PBXNativeTarget section */
		2F4BE72C254724FC004D55BD /* Movies */ = {
			isa = PBXNativeTarget;
			buildConfigurationList = 2F4BE75725472504004D55BD /* Build configuration list for PBXNativeTarget "Movies" */;
			buildPhases = (
				2F4BE729254724FC004D55BD /* Sources */,
				2F4BE72A254724FC004D55BD /* Frameworks */,
				2F4BE72B254724FC004D55BD /* Resources */,
			);
			buildRules = (
			);
			dependencies = (
			);
			name = Movies;
			productName = Movies;
			productReference = 2F4BE72D254724FC004D55BD /* Movies.app */;
			productType = "com.apple.product-type.application";
		};
		2F4BE74225472504004D55BD /* MoviesTests */ = {
			isa = PBXNativeTarget;
			buildConfigurationList = 2F4BE75A25472504004D55BD /* Build configuration list for PBXNativeTarget "MoviesTests" */;
			buildPhases = (
				2F4BE73F25472504004D55BD /* Sources */,
				2F4BE74025472504004D55BD /* Frameworks */,
				2F4BE74125472504004D55BD /* Resources */,
			);
			buildRules = (
			);
			dependencies = (
				2F4BE74525472504004D55BD /* PBXTargetDependency */,
			);
			name = MoviesTests;
			productName = MoviesTests;
			productReference = 2F4BE74325472504004D55BD /* MoviesTests.xctest */;
			productType = "com.apple.product-type.bundle.unit-test";
		};
		2F4BE74D25472504004D55BD /* MoviesUITests */ = {
			isa = PBXNativeTarget;
			buildConfigurationList = 2F4BE75D25472504004D55BD /* Build configuration list for PBXNativeTarget "MoviesUITests" */;
			buildPhases = (
				2F4BE74A25472504004D55BD /* Sources */,
				2F4BE74B25472504004D55BD /* Frameworks */,
				2F4BE74C25472504004D55BD /* Resources */,
			);
			buildRules = (
			);
			dependencies = (
				2F4BE75025472504004D55BD /* PBXTargetDependency */,
			);
			name = MoviesUITests;
			productName = MoviesUITests;
			productReference = 2F4BE74E25472504004D55BD /* MoviesUITests.xctest */;
			productType = "com.apple.product-type.bundle.ui-testing";
		};
/* End PBXNativeTarget section */

/* Begin PBXProject section */
		2F4BE725254724FC004D55BD /* Project object */ = {
			isa = PBXProject;
			attributes = {
				LastSwiftUpdateCheck = 1200;
				LastUpgradeCheck = 1200;
				TargetAttributes = {
					2F4BE72C254724FC004D55BD = {
						CreatedOnToolsVersion = 12.0.1;
					};
					2F4BE74225472504004D55BD = {
						CreatedOnToolsVersion = 12.0.1;
						TestTargetID = 2F4BE72C254724FC004D55BD;
					};
					2F4BE74D25472504004D55BD = {
						CreatedOnToolsVersion = 12.0.1;
						TestTargetID = 2F4BE72C254724FC004D55BD;
					};
				};
			};
			buildConfigurationList = 2F4BE728254724FC004D55BD /* Build configuration list for PBXProject "Movies" */;
			compatibilityVersion = "Xcode 9.3";
			developmentRegion = en;
			hasScannedForEncodings = 0;
			knownRegions = (
				en,
				Base,
			);
			mainGroup = 2F4BE724254724FC004D55BD;
			productRefGroup = 2F4BE72E254724FC004D55BD /* Products */;
			projectDirPath = "";
			projectRoot = "";
			targets = (
				2F4BE72C254724FC004D55BD /* Movies */,
				2F4BE74225472504004D55BD /* MoviesTests */,
				2F4BE74D25472504004D55BD /* MoviesUITests */,
			);
		};
/* End PBXProject section */

/* Begin PBXResourcesBuildPhase section */
		2F4BE72B254724FC004D55BD /* Resources */ = {
			isa = PBXResourcesBuildPhase;
			buildActionMask = 2147483647;
			files = (
				2F4BE73D25472504004D55BD /* LaunchScreen.storyboard in Resources */,
				2F4BE73A25472504004D55BD /* Assets.xcassets in Resources */,
				2F4BE738254724FC004D55BD /* Main.storyboard in Resources */,
			);
			runOnlyForDeploymentPostprocessing = 0;
		};
		2F4BE74125472504004D55BD /* Resources */ = {
			isa = PBXResourcesBuildPhase;
			buildActionMask = 2147483647;
			files = (
			);
			runOnlyForDeploymentPostprocessing = 0;
		};
		2F4BE74C25472504004D55BD /* Resources */ = {
			isa = PBXResourcesBuildPhase;
			buildActionMask = 2147483647;
			files = (
			);
			runOnlyForDeploymentPostprocessing = 0;
		};
/* End PBXResourcesBuildPhase section */

/* Begin PBXSourcesBuildPhase section */
		2F4BE729254724FC004D55BD /* Sources */ = {
			isa = PBXSourcesBuildPhase;
			buildActionMask = 2147483647;
			files = (
				2F4BE735254724FC004D55BD /* ViewController.swift in Sources */,
				2F4BE731254724FC004D55BD /* AppDelegate.swift in Sources */,
				2F4BE733254724FC004D55BD /* SceneDelegate.swift in Sources */,
			);
			runOnlyForDeploymentPostprocessing = 0;
		};
		2F4BE73F25472504004D55BD /* Sources */ = {
			isa = PBXSourcesBuildPhase;
			buildActionMask = 2147483647;
			files = (
				2F4BE74825472504004D55BD /* MoviesTests.swift in Sources */,
			);
			runOnlyForDeploymentPostprocessing = 0;
		};
		2F4BE74A25472504004D55BD /* Sources */ = {
			isa = PBXSourcesBuildPhase;
			buildActionMask = 2147483647;
			files = (
				2F4BE75325472504004D55BD /* MoviesUITests.swift in Sources */,
			);
			runOnlyForDeploymentPostprocessing = 0;
		};
/* End PBXSourcesBuildPhase section */

/* Begin PBXTargetDependency section */
		2F4BE74525472504004D55BD /* PBXTargetDependency */ = {
			isa = PBXTargetDependency;
			target = 2F4BE72C254724FC004D55BD /* Movies */;
			targetProxy = 2F4BE74425472504004D55BD /* PBXContainerItemProxy */;
		};
		2F4BE75025472504004D55BD /* PBXTargetDependency */ = {
			isa = PBXTargetDependency;
			target = 2F4BE72C254724FC004D55BD /* Movies */;
			targetProxy = 2F4BE74F25472504004D55BD /* PBXContainerItemProxy */;
		};
/* End PBXTargetDependency section */

/* Begin PBXVariantGroup section */
		2F4BE736254724FC004D55BD /* Main.storyboard */ = {
			isa = PBXVariantGroup;
			children = (
				2F4BE737254724FC004D55BD /* Base */,
			);
			name = Main.storyboard;
			sourceTree = "<group>";
		};
		2F4BE73B25472504004D55BD /* LaunchScreen.storyboard */ = {
			isa = PBXVariantGroup;
			children = (
				2F4BE73C25472504004D55BD /* Base */,
			);
			name = LaunchScreen.storyboard;
			sourceTree = "<group>";
		};
/* End PBXVariantGroup section */

/* Begin XCBuildConfiguration section */
		2F4BE75525472504004D55BD /* Debug */ = {
			isa = XCBuildConfiguration;
			buildSettings = {
				ALWAYS_SEARCH_USER_PATHS = NO;
				CLANG_ANALYZER_NONNULL = YES;
				CLANG_ANALYZER_NUMBER_OBJECT_CONVERSION = YES_AGGRESSIVE;
				CLANG_CXX_LANGUAGE_STANDARD = "gnu++14";
				CLANG_CXX_LIBRARY = "libc++";
				CLANG_ENABLE_MODULES = YES;
				CLANG_ENABLE_OBJC_ARC = YES;
				CLANG_ENABLE_OBJC_WEAK = YES;
				CLANG_WARN_BLOCK_CAPTURE_AUTORELEASING = YES;
				CLANG_WARN_BOOL_CONVERSION = YES;
				CLANG_WARN_COMMA = YES;
				CLANG_WARN_CONSTANT_CONVERSION = YES;
				CLANG_WARN_DEPRECATED_OBJC_IMPLEMENTATIONS = YES;
				CLANG_WARN_DIRECT_OBJC_ISA_USAGE = YES_ERROR;
				CLANG_WARN_DOCUMENTATION_COMMENTS = YES;
				CLANG_WARN_EMPTY_BODY = YES;
				CLANG_WARN_ENUM_CONVERSION = YES;
				CLANG_WARN_INFINITE_RECURSION = YES;
				CLANG_WARN_INT_CONVERSION = YES;
				CLANG_WARN_NON_LITERAL_NULL_CONVERSION = YES;
				CLANG_WARN_OBJC_IMPLICIT_RETAIN_SELF = YES;
				CLANG_WARN_OBJC_LITERAL_CONVERSION = YES;
				CLANG_WARN_OBJC_ROOT_CLASS = YES_ERROR;
				CLANG_WARN_QUOTED_INCLUDE_IN_FRAMEWORK_HEADER = YES;
				CLANG_WARN_RANGE_LOOP_ANALYSIS = YES;
				CLANG_WARN_STRICT_PROTOTYPES = YES;
				CLANG_WARN_SUSPICIOUS_MOVE = YES;
				CLANG_WARN_UNGUARDED_AVAILABILITY = YES_AGGRESSIVE;
				CLANG_WARN_UNREACHABLE_CODE = YES;
				CLANG_WARN__DUPLICATE_METHOD_MATCH = YES;
				COPY_PHASE_STRIP = NO;
				DEBUG_INFORMATION_FORMAT = dwarf;
				ENABLE_STRICT_OBJC_MSGSEND = YES;
				ENABLE_TESTABILITY = YES;
				GCC_C_LANGUAGE_STANDARD = gnu11;
				GCC_DYNAMIC_NO_PIC = NO;
				GCC_NO_COMMON_BLOCKS = YES;
				GCC_OPTIMIZATION_LEVEL = 0;
				GCC_PREPROCESSOR_DEFINITIONS = (
					"DEBUG=1",
					"$(inherited)",
				);
				GCC_WARN_64_TO_32_BIT_CONVERSION = YES;
				GCC_WARN_ABOUT_RETURN_TYPE = YES_ERROR;
				GCC_WARN_UNDECLARED_SELECTOR = YES;
				GCC_WARN_UNINITIALIZED_AUTOS = YES_AGGRESSIVE;
				GCC_WARN_UNUSED_FUNCTION = YES;
				GCC_WARN_UNUSED_VARIABLE = YES;
				IPHONEOS_DEPLOYMENT_TARGET = 14.0;
				MTL_ENABLE_DEBUG_INFO = INCLUDE_SOURCE;
				MTL_FAST_MATH = YES;
				ONLY_ACTIVE_ARCH = YES;
				SDKROOT = iphoneos;
				SWIFT_ACTIVE_COMPILATION_CONDITIONS = DEBUG;
				SWIFT_OPTIMIZATION_LEVEL = "-Onone";
			};
			name = Debug;
		};
		2F4BE75625472504004D55BD /* Release */ = {
			isa = XCBuildConfiguration;
			buildSettings = {
				ALWAYS_SEARCH_USER_PATHS = NO;
				CLANG_ANALYZER_NONNULL = YES;
				CLANG_ANALYZER_NUMBER_OBJECT_CONVERSION = YES_AGGRESSIVE;
				CLANG_CXX_LANGUAGE_STANDARD = "gnu++14";
				CLANG_CXX_LIBRARY = "libc++";
				CLANG_ENABLE_MODULES = YES;
				CLANG_ENABLE_OBJC_ARC = YES;
				CLANG_ENABLE_OBJC_WEAK = YES;
				CLANG_WARN_BLOCK_CAPTURE_AUTORELEASING = YES;
				CLANG_WARN_BOOL_CONVERSION = YES;
				CLANG_WARN_COMMA = YES;
				CLANG_WARN_CONSTANT_CONVERSION = YES;
				CLANG_WARN_DEPRECATED_OBJC_IMPLEMENTATIONS = YES;
				CLANG_WARN_DIRECT_OBJC_ISA_USAGE = YES_ERROR;
				CLANG_WARN_DOCUMENTATION_COMMENTS = YES;
				CLANG_WARN_EMPTY_BODY = YES;
				CLANG_WARN_ENUM_CONVERSION = YES;
				CLANG_WARN_INFINITE_RECURSION = YES;
				CLANG_WARN_INT_CONVERSION = YES;
				CLANG_WARN_NON_LITERAL_NULL_CONVERSION = YES;
				CLANG_WARN_OBJC_IMPLICIT_RETAIN_SELF = YES;
				CLANG_WARN_OBJC_LITERAL_CONVERSION = YES;
				CLANG_WARN_OBJC_ROOT_CLASS = YES_ERROR;
				CLANG_WARN_QUOTED_INCLUDE_IN_FRAMEWORK_HEADER = YES;
				CLANG_WARN_RANGE_LOOP_ANALYSIS = YES;
				CLANG_WARN_STRICT_PROTOTYPES = YES;
				CLANG_WARN_SUSPICIOUS_MOVE = YES;
				CLANG_WARN_UNGUARDED_AVAILABILITY = YES_AGGRESSIVE;
				CLANG_WARN_UNREACHABLE_CODE = YES;
				CLANG_WARN__DUPLICATE_METHOD_MATCH = YES;
				COPY_PHASE_STRIP = NO;
				DEBUG_INFORMATION_FORMAT = "dwarf-with-dsym";
				ENABLE_NS_ASSERTIONS = NO;
				ENABLE_STRICT_OBJC_MSGSEND = YES;
				GCC_C_LANGUAGE_STANDARD = gnu11;
				GCC_NO_COMMON_BLOCKS = YES;
				GCC_WARN_64_TO_32_BIT_CONVERSION = YES;
				GCC_WARN_ABOUT_RETURN_TYPE = YES_ERROR;
				GCC_WARN_UNDECLARED_SELECTOR = YES;
				GCC_WARN_UNINITIALIZED_AUTOS = YES_AGGRESSIVE;
				GCC_WARN_UNUSED_FUNCTION = YES;
				GCC_WARN_UNUSED_VARIABLE = YES;
				IPHONEOS_DEPLOYMENT_TARGET = 14.0;
				MTL_ENABLE_DEBUG_INFO = NO;
				MTL_FAST_MATH = YES;
				SDKROOT = iphoneos;
				SWIFT_COMPILATION_MODE = wholemodule;
				SWIFT_OPTIMIZATION_LEVEL = "-O";
				VALIDATE_PRODUCT = YES;
			};
			name = Release;
		};
		2F4BE75825472504004D55BD /* Debug */ = {
			isa = XCBuildConfiguration;
			buildSettings = {
				ASSETCATALOG_COMPILER_APPICON_NAME = AppIcon;
				ASSETCATALOG_COMPILER_GLOBAL_ACCENT_COLOR_NAME = AccentColor;
				CODE_SIGN_STYLE = Automatic;
				DEVELOPMENT_TEAM = Z47WFR3TL4;
				INFOPLIST_FILE = Movies/Info.plist;
				LD_RUNPATH_SEARCH_PATHS = (
					"$(inherited)",
					"@executable_path/Frameworks",
				);
				PRODUCT_BUNDLE_IDENTIFIER = com.matheusholanda.Movies;
				PRODUCT_NAME = "$(TARGET_NAME)";
				SWIFT_VERSION = 5.0;
				TARGETED_DEVICE_FAMILY = "1,2";
			};
			name = Debug;
		};
		2F4BE75925472504004D55BD /* Release */ = {
			isa = XCBuildConfiguration;
			buildSettings = {
				ASSETCATALOG_COMPILER_APPICON_NAME = AppIcon;
				ASSETCATALOG_COMPILER_GLOBAL_ACCENT_COLOR_NAME = AccentColor;
				CODE_SIGN_STYLE = Automatic;
				DEVELOPMENT_TEAM = Z47WFR3TL4;
				INFOPLIST_FILE = Movies/Info.plist;
				LD_RUNPATH_SEARCH_PATHS = (
					"$(inherited)",
					"@executable_path/Frameworks",
				);
				PRODUCT_BUNDLE_IDENTIFIER = com.matheusholanda.Movies;
				PRODUCT_NAME = "$(TARGET_NAME)";
				SWIFT_VERSION = 5.0;
				TARGETED_DEVICE_FAMILY = "1,2";
			};
			name = Release;
		};
		2F4BE75B25472504004D55BD /* Debug */ = {
			isa = XCBuildConfiguration;
			buildSettings = {
				ALWAYS_EMBED_SWIFT_STANDARD_LIBRARIES = YES;
				BUNDLE_LOADER = "$(TEST_HOST)";
				CODE_SIGN_STYLE = Automatic;
				DEVELOPMENT_TEAM = Z47WFR3TL4;
				INFOPLIST_FILE = MoviesTests/Info.plist;
				IPHONEOS_DEPLOYMENT_TARGET = 14.0;
				LD_RUNPATH_SEARCH_PATHS = (
					"$(inherited)",
					"@executable_path/Frameworks",
					"@loader_path/Frameworks",
				);
				PRODUCT_BUNDLE_IDENTIFIER = com.matheusholanda.MoviesTests;
				PRODUCT_NAME = "$(TARGET_NAME)";
				SWIFT_VERSION = 5.0;
				TARGETED_DEVICE_FAMILY = "1,2";
				TEST_HOST = "$(BUILT_PRODUCTS_DIR)/Movies.app/Movies";
			};
			name = Debug;
		};
		2F4BE75C25472504004D55BD /* Release */ = {
			isa = XCBuildConfiguration;
			buildSettings = {
				ALWAYS_EMBED_SWIFT_STANDARD_LIBRARIES = YES;
				BUNDLE_LOADER = "$(TEST_HOST)";
				CODE_SIGN_STYLE = Automatic;
				DEVELOPMENT_TEAM = Z47WFR3TL4;
				INFOPLIST_FILE = MoviesTests/Info.plist;
				IPHONEOS_DEPLOYMENT_TARGET = 14.0;
				LD_RUNPATH_SEARCH_PATHS = (
					"$(inherited)",
					"@executable_path/Frameworks",
					"@loader_path/Frameworks",
				);
				PRODUCT_BUNDLE_IDENTIFIER = com.matheusholanda.MoviesTests;
				PRODUCT_NAME = "$(TARGET_NAME)";
				SWIFT_VERSION = 5.0;
				TARGETED_DEVICE_FAMILY = "1,2";
				TEST_HOST = "$(BUILT_PRODUCTS_DIR)/Movies.app/Movies";
			};
			name = Release;
		};
		2F4BE75E25472504004D55BD /* Debug */ = {
			isa = XCBuildConfiguration;
			buildSettings = {
				ALWAYS_EMBED_SWIFT_STANDARD_LIBRARIES = YES;
				CODE_SIGN_STYLE = Automatic;
				DEVELOPMENT_TEAM = Z47WFR3TL4;
				INFOPLIST_FILE = MoviesUITests/Info.plist;
				LD_RUNPATH_SEARCH_PATHS = (
					"$(inherited)",
					"@executable_path/Frameworks",
					"@loader_path/Frameworks",
				);
				PRODUCT_BUNDLE_IDENTIFIER = com.matheusholanda.MoviesUITests;
				PRODUCT_NAME = "$(TARGET_NAME)";
				SWIFT_VERSION = 5.0;
				TARGETED_DEVICE_FAMILY = "1,2";
				TEST_TARGET_NAME = Movies;
			};
			name = Debug;
		};
		2F4BE75F25472504004D55BD /* Release */ = {
			isa = XCBuildConfiguration;
			buildSettings = {
				ALWAYS_EMBED_SWIFT_STANDARD_LIBRARIES = YES;
				CODE_SIGN_STYLE = Automatic;
				DEVELOPMENT_TEAM = Z47WFR3TL4;
				INFOPLIST_FILE = MoviesUITests/Info.plist;
				LD_RUNPATH_SEARCH_PATHS = (
					"$(inherited)",
					"@executable_path/Frameworks",
					"@loader_path/Frameworks",
				);
				PRODUCT_BUNDLE_IDENTIFIER = com.matheusholanda.MoviesUITests;
				PRODUCT_NAME = "$(TARGET_NAME)";
				SWIFT_VERSION = 5.0;
				TARGETED_DEVICE_FAMILY = "1,2";
				TEST_TARGET_NAME = Movies;
			};
			name = Release;
		};
/* End XCBuildConfiguration section */

/* Begin XCConfigurationList section */
		2F4BE728254724FC004D55BD /* Build configuration list for PBXProject "Movies" */ = {
			isa = XCConfigurationList;
			buildConfigurations = (
				2F4BE75525472504004D55BD /* Debug */,
				2F4BE75625472504004D55BD /* Release */,
			);
			defaultConfigurationIsVisible = 0;
			defaultConfigurationName = Release;
		};
		2F4BE75725472504004D55BD /* Build configuration list for PBXNativeTarget "Movies" */ = {
			isa = XCConfigurationList;
			buildConfigurations = (
				2F4BE75825472504004D55BD /* Debug */,
				2F4BE75925472504004D55BD /* Release */,
			);
			defaultConfigurationIsVisible = 0;
			defaultConfigurationName = Release;
		};
		2F4BE75A25472504004D55BD /* Build configuration list for PBXNativeTarget "MoviesTests" */ = {
			isa = XCConfigurationList;
			buildConfigurations = (
				2F4BE75B25472504004D55BD /* Debug */,
				2F4BE75C25472504004D55BD /* Release */,
			);
			defaultConfigurationIsVisible = 0;
			defaultConfigurationName = Release;
		};
		2F4BE75D25472504004D55BD /* Build configuration list for PBXNativeTarget "MoviesUITests" */ = {
			isa = XCConfigurationList;
			buildConfigurations = (
				2F4BE75E25472504004D55BD /* Debug */,
				2F4BE75F25472504004D55BD /* Release */,
			);
			defaultConfigurationIsVisible = 0;
			defaultConfigurationName = Release;
		};
/* End XCConfigurationList section */
	};
	rootObject = 2F4BE725254724FC004D55BD /* Project object */;
}
